
Microsoft Visual Studio Solution File, Format Version 12.00
# Visual Studio Version 16
VisualStudioVersion = 16.0.29728.190
MinimumVisualStudioVersion = 10.0.40219.1
Project("{9A19103F-16F7-4668-BE54-9A1E7A4F7556}") = "StravaClubMonthlyDistanceStandings", "StravaClubMonthlyDistanceStandings.csproj", "{619252F5-E67A-4922-9073-2E27AD973093}"
EndProject
Project("{9A19103F-16F7-4668-BE54-9A1E7A4F7556}") = "StravaClubMonthlyDistanceStandings.Database", "..\StavaClubMontlyDistanceStandings.Database\StravaClubMonthlyDistanceStandings.Database.csproj", "{D648DFC8-255A-440A-AF96-8714496DCC73}"
EndProject
Global
	GlobalSection(SolutionConfigurationPlatforms) = preSolution
		Debug|Any CPU = Debug|Any CPU
		Release|Any CPU = Release|Any CPU
	EndGlobalSection
	GlobalSection(ProjectConfigurationPlatforms) = postSolution
		{619252F5-E67A-4922-9073-2E27AD973093}.Debug|Any CPU.ActiveCfg = Debug|Any CPU
		{619252F5-E67A-4922-9073-2E27AD973093}.Debug|Any CPU.Build.0 = Debug|Any CPU
		{619252F5-E67A-4922-9073-2E27AD973093}.Release|Any CPU.ActiveCfg = Release|Any CPU
		{619252F5-E67A-4922-9073-2E27AD973093}.Release|Any CPU.Build.0 = Release|Any CPU
		{D648DFC8-255A-440A-AF96-8714496DCC73}.Debug|Any CPU.ActiveCfg = Debug|Any CPU
		{D648DFC8-255A-440A-AF96-8714496DCC73}.Debug|Any CPU.Build.0 = Debug|Any CPU
		{D648DFC8-255A-440A-AF96-8714496DCC73}.Release|Any CPU.ActiveCfg = Release|Any CPU
		{D648DFC8-255A-440A-AF96-8714496DCC73}.Release|Any CPU.Build.0 = Release|Any CPU
	EndGlobalSection
	GlobalSection(SolutionProperties) = preSolution
		HideSolutionNode = FALSE
	EndGlobalSection
	GlobalSection(ExtensibilityGlobals) = postSolution
		SolutionGuid = {26988F07-CA28-4D31-B2D3-CD7B05E5327B}
	EndGlobalSection
EndGlobal
